set_location_assignment PIN_R8 -to i_clock
set_location_assignment PIN_A15 -to o_saida[7]
set_location_assignment PIN_A13 -to o_saida[6]
set_location_assignment PIN_B13 -to o_saida[5]
set_location_assignment PIN_A11 -to o_saida[4]
set_location_assignment PIN_D1 -to o_saida[3]
set_location_assignment PIN_F3 -to o_saida[2]
set_location_assignment PIN_B1 -to o_saida[1]
set_location_assignment PIN_L3 -to o_saida[0]
set_location_assignment PIN_M15 -to i_w
set_location_assignment PIN_B9 -to i_reset
set_location_assignment PIN_M1 -to i_linha
set_location_assignment PIN_T8 -to i_coluna
set_location_assignment PIN_D5 -to i_d[7]
set_location_assignment PIN_A5 -to i_d[6]
set_location_assignment PIN_B5 -to i_d[5]
set_location_assignment PIN_A4 -to i_d[4]
set_location_assignment PIN_B4 -to i_d[3]
set_location_assignment PIN_B3 -to i_d[2]
set_location_assignment PIN_A3 -to i_d[1]
set_location_assignment PIN_A2 -to i_d[0]
set_global_assignment -name FAMILY "Cyclone IV E"
set_global_assignment -name DEVICE EP4CE22F17C6
set_global_assignment -name TOP_LEVEL_ENTITY memoria
set_global_assignment -name ORIGINAL_QUARTUS_VERSION 20.1.1
set_global_assignment -name PROJECT_CREATION_TIME_DATE "15:09:55  OCTOBER 27, 2025"
set_global_assignment -name LAST_QUARTUS_VERSION "20.1.1 Lite Edition"
set_global_assignment -name PROJECT_OUTPUT_DIRECTORY output_files
set_global_assignment -name EDA_SIMULATION_TOOL "ModelSim-Altera (Verilog)"
set_global_assignment -name EDA_TIME_SCALE "1 ps" -section_id eda_simulation
set_global_assignment -name EDA_OUTPUT_DATA_FORMAT "VERILOG HDL" -section_id eda_simulation
set_global_assignment -name EDA_GENERATE_FUNCTIONAL_NETLIST OFF -section_id eda_board_design_timing
set_global_assignment -name EDA_GENERATE_FUNCTIONAL_NETLIST OFF -section_id eda_board_design_symbol
set_global_assignment -name EDA_GENERATE_FUNCTIONAL_NETLIST OFF -section_id eda_board_design_signal_integrity
set_global_assignment -name EDA_GENERATE_FUNCTIONAL_NETLIST OFF -section_id eda_board_design_boundary_scan
set_global_assignment -name VHDL_FILE decodificador.vhd
set_global_assignment -name VECTOR_WAVEFORM_FILE Waveform3.vwf
set_global_assignment -name VHDL_FILE multiplexador.vhd
set_global_assignment -name VECTOR_WAVEFORM_FILE multiplexador.vwf
set_global_assignment -name VECTOR_WAVEFORM_FILE Waveform4.vwf
set_global_assignment -name VHDL_FILE flipflopD.vhd
set_global_assignment -name VHDL_FILE flipflopD_8bits.vhd
set_global_assignment -name VHDL_FILE memoria.vhd
set_global_assignment -name PARTITION_NETLIST_TYPE SOURCE -section_id Top
set_global_assignment -name PARTITION_FITTER_PRESERVATION_LEVEL PLACEMENT_AND_ROUTING -section_id Top
set_global_assignment -name PARTITION_COLOR 16764057 -section_id Top
set_global_assignment -name VECTOR_WAVEFORM_FILE Waveform5.vwf
set_global_assignment -name VECTOR_WAVEFORM_FILE Waveform6.vwf
set_global_assignment -name MIN_CORE_JUNCTION_TEMP 0
set_global_assignment -name MAX_CORE_JUNCTION_TEMP 85

set_instance_assignment -name PARTITION_HIERARCHY root_partition -to | -section_id Top